
Microsoft Visual Studio Solution File, Format Version 12.00
# Visual Studio Version 16
VisualStudioVersion = 16.0.29806.167
MinimumVisualStudioVersion = 10.0.40219.1
Project("{9A19103F-16F7-4668-BE54-9A1E7A4F7556}") = "DataAccess", "DataAccess\DataAccess.csproj", "{C3883348-44EA-4BE0-BE10-7B51A979F7CB}"
EndProject
Project("{9A19103F-16F7-4668-BE54-9A1E7A4F7556}") = "Business", "Business\Business.csproj", "{0467D753-AE16-4CFF-B29A-A840FC7EAA5D}"
EndProject
Project("{9A19103F-16F7-4668-BE54-9A1E7A4F7556}") = "Entities", "Entities\Entities.csproj", "{F8766C2C-4D2B-49AD-A9D5-397984951D34}"
EndProject
Project("{9A19103F-16F7-4668-BE54-9A1E7A4F7556}") = "ConsoleUI", "ConsoleUI\ConsoleUI.csproj", "{8505D530-DC8B-487E-9066-9B405C21254C}"
EndProject
Project("{FAE04EC0-301F-11D3-BF4B-00C04F79EFBC}") = "Core", "Core\Core.csproj", "{456AA883-C94C-4939-83FB-9EA821C26461}"
EndProject
Global
	GlobalSection(SolutionConfigurationPlatforms) = preSolution
		Debug|Any CPU = Debug|Any CPU
		Release|Any CPU = Release|Any CPU
	EndGlobalSection
	GlobalSection(ProjectConfigurationPlatforms) = postSolution
		{C3883348-44EA-4BE0-BE10-7B51A979F7CB}.Debug|Any CPU.ActiveCfg = Debug|Any CPU
		{C3883348-44EA-4BE0-BE10-7B51A979F7CB}.Debug|Any CPU.Build.0 = Debug|Any CPU
		{C3883348-44EA-4BE0-BE10-7B51A979F7CB}.Release|Any CPU.ActiveCfg = Release|Any CPU
		{C3883348-44EA-4BE0-BE10-7B51A979F7CB}.Release|Any CPU.Build.0 = Release|Any CPU
		{0467D753-AE16-4CFF-B29A-A840FC7EAA5D}.Debug|Any CPU.ActiveCfg = Debug|Any CPU
		{0467D753-AE16-4CFF-B29A-A840FC7EAA5D}.Debug|Any CPU.Build.0 = Debug|Any CPU
		{0467D753-AE16-4CFF-B29A-A840FC7EAA5D}.Release|Any CPU.ActiveCfg = Release|Any CPU
		{0467D753-AE16-4CFF-B29A-A840FC7EAA5D}.Release|Any CPU.Build.0 = Release|Any CPU
		{F8766C2C-4D2B-49AD-A9D5-397984951D34}.Debug|Any CPU.ActiveCfg = Debug|Any CPU
		{F8766C2C-4D2B-49AD-A9D5-397984951D34}.Debug|Any CPU.Build.0 = Debug|Any CPU
		{F8766C2C-4D2B-49AD-A9D5-397984951D34}.Release|Any CPU.ActiveCfg = Release|Any CPU
		{F8766C2C-4D2B-49AD-A9D5-397984951D34}.Release|Any CPU.Build.0 = Release|Any CPU
		{8505D530-DC8B-487E-9066-9B405C21254C}.Debug|Any CPU.ActiveCfg = Debug|Any CPU
		{8505D530-DC8B-487E-9066-9B405C21254C}.Debug|Any CPU.Build.0 = Debug|Any CPU
		{8505D530-DC8B-487E-9066-9B405C21254C}.Release|Any CPU.ActiveCfg = Release|Any CPU
		{8505D530-DC8B-487E-9066-9B405C21254C}.Release|Any CPU.Build.0 = Release|Any CPU
		{456AA883-C94C-4939-83FB-9EA821C26461}.Debug|Any CPU.ActiveCfg = Debug|Any CPU
		{456AA883-C94C-4939-83FB-9EA821C26461}.Debug|Any CPU.Build.0 = Debug|Any CPU
		{456AA883-C94C-4939-83FB-9EA821C26461}.Release|Any CPU.ActiveCfg = Release|Any CPU
		{456AA883-C94C-4939-83FB-9EA821C26461}.Release|Any CPU.Build.0 = Release|Any CPU
	EndGlobalSection
	GlobalSection(SolutionProperties) = preSolution
		HideSolutionNode = FALSE
	EndGlobalSection
	GlobalSection(ExtensibilityGlobals) = postSolution
		SolutionGuid = {B51255E7-0470-4376-A1C4-9EB216FDB0D3}
	EndGlobalSection
EndGlobal
